
Microsoft Visual Studio Solution File, Format Version 12.00
# Visual Studio Version 17
VisualStudioVersion = 17.0.31903.59
MinimumVisualStudioVersion = 10.0.40219.1
Project("{2150E333-8FDC-42A3-9474-1A3956D46DE8}") = "src", "src", "{827E0CD3-B72D-47B6-A68D-7590B98EB39B}"
EndProject
Project("{2150E333-8FDC-42A3-9474-1A3956D46DE8}") = "Core", "Core", "{8D626EA8-CB54-BC41-363A-217881BEBA6E}"
EndProject
Project("{FAE04EC0-301F-11D3-BF4B-00C04F79EFBC}") = "Metriflow.Domain", "src\Core\Metriflow.Domain\Metriflow.Domain.csproj", "{C284E7C3-79EC-4334-8802-0FC05429B23D}"
EndProject
Project("{FAE04EC0-301F-11D3-BF4B-00C04F79EFBC}") = "Metriflow.Application", "src\Core\Metriflow.Application\Metriflow.Application.csproj", "{41431650-30F2-488D-96D7-80D5E5191F0C}"
EndProject
Project("{2150E333-8FDC-42A3-9474-1A3956D46DE8}") = "Infrastructure", "Infrastructure", "{9048EB7F-3875-A59E-E36B-5BD4C6F2A282}"
EndProject
Project("{FAE04EC0-301F-11D3-BF4B-00C04F79EFBC}") = "Metriflow.Infrastructure", "src\Infrastructure\Metriflow.Infrastructure\Metriflow.Infrastructure.csproj", "{0A9CD4A7-99A9-4F72-8A4F-A230BB207754}"
EndProject
Project("{2150E333-8FDC-42A3-9474-1A3956D46DE8}") = "EntryPoints", "EntryPoints", "{EC0AE37B-42FE-3786-533F-760669F80219}"
EndProject
Project("{FAE04EC0-301F-11D3-BF4B-00C04F79EFBC}") = "Metriflow.API", "src\Execution\Metriflow.API\Metriflow.API.csproj", "{EDCFE396-5092-4342-9FBA-AEB8CB716690}"
EndProject
Project("{FAE04EC0-301F-11D3-BF4B-00C04F79EFBC}") = "Metriflow.AggregationWorker", "src\Execution\Metriflow.AggregationWorker\Metriflow.AggregationWorker.csproj", "{70607176-E4AA-4D64-974F-5BA343682A6D}"
EndProject
Project("{FAE04EC0-301F-11D3-BF4B-00C04F79EFBC}") = "Metriflow.Correlation.Worker", "src\Execution\Metriflow.Correlation.Worker\Metriflow.Correlation.Worker.csproj", "{1E251152-F86B-42C8-B330-A0633E178FE8}"
EndProject
Project("{FAE04EC0-301F-11D3-BF4B-00C04F79EFBC}") = "Metriflow.Producer", "src\Execution\Metriflow.Producer\Metriflow.Producer.csproj", "{571C3752-8753-445E-A994-0FCDB8292F4C}"
EndProject
Project("{2150E333-8FDC-42A3-9474-1A3956D46DE8}") = "tests", "tests", "{9F4D37C0-26C1-4904-A964-B64CA4285C05}"
EndProject
Project("{FAE04EC0-301F-11D3-BF4B-00C04F79EFBC}") = "Metriflow.Application.UnitTests", "tests\Metriflow.Application.UnitTests\Metriflow.Application.UnitTests.csproj", "{57F81E52-754C-46A4-8307-A68F7513533D}"
EndProject
Project("{FAE04EC0-301F-11D3-BF4B-00C04F79EFBC}") = "Metriflow.AggregationWorker.UnitTests", "tests\Metriflow.AggregationWorker.UnitTests\Metriflow.AggregationWorker.UnitTests.csproj", "{58D18ED6-BA03-4F03-8DEB-0FB01F0E374A}"
EndProject
Project("{FAE04EC0-301F-11D3-BF4B-00C04F79EFBC}") = "Metriflow.Producers.UnitTests", "tests\Metriflow.Producers.UnitTests\Metriflow.Producers.UnitTests.csproj", "{1278BC30-3A45-4FCC-8608-D706B9A930CE}"
EndProject
Project("{FAE04EC0-301F-11D3-BF4B-00C04F79EFBC}") = "Metriflow.API.UnitTests", "tests\Metriflow.API.UnitTests\Metriflow.API.UnitTests.csproj", "{C3FEC267-8CEF-422D-9677-1793FCFE83CB}"
EndProject
Project("{FAE04EC0-301F-11D3-BF4B-00C04F79EFBC}") = "Metriflow.Messages", "src\Infrastructure\Metriflow.Messages\Metriflow.Messages.csproj", "{CA8A8BE0-11AA-42CB-8DA1-F2C9AA9741E0}"
EndProject
Project("{FAE04EC0-301F-11D3-BF4B-00C04F79EFBC}") = "Redis", "src\Infrastructure\Redis\Redis.csproj", "{6B3F53EF-DA56-4BD0-A70A-0823705EFC53}"
EndProject
Global
	GlobalSection(SolutionConfigurationPlatforms) = preSolution
		Debug|Any CPU = Debug|Any CPU
		Debug|x64 = Debug|x64
		Debug|x86 = Debug|x86
		Release|Any CPU = Release|Any CPU
		Release|x64 = Release|x64
		Release|x86 = Release|x86
	EndGlobalSection
	GlobalSection(ProjectConfigurationPlatforms) = postSolution
		{C284E7C3-79EC-4334-8802-0FC05429B23D}.Debug|Any CPU.ActiveCfg = Debug|Any CPU
		{C284E7C3-79EC-4334-8802-0FC05429B23D}.Debug|Any CPU.Build.0 = Debug|Any CPU
		{C284E7C3-79EC-4334-8802-0FC05429B23D}.Debug|x64.ActiveCfg = Debug|Any CPU
		{C284E7C3-79EC-4334-8802-0FC05429B23D}.Debug|x64.Build.0 = Debug|Any CPU
		{C284E7C3-79EC-4334-8802-0FC05429B23D}.Debug|x86.ActiveCfg = Debug|Any CPU
		{C284E7C3-79EC-4334-8802-0FC05429B23D}.Debug|x86.Build.0 = Debug|Any CPU
		{C284E7C3-79EC-4334-8802-0FC05429B23D}.Release|Any CPU.ActiveCfg = Release|Any CPU
		{C284E7C3-79EC-4334-8802-0FC05429B23D}.Release|Any CPU.Build.0 = Release|Any CPU
		{C284E7C3-79EC-4334-8802-0FC05429B23D}.Release|x64.ActiveCfg = Release|Any CPU
		{C284E7C3-79EC-4334-8802-0FC05429B23D}.Release|x64.Build.0 = Release|Any CPU
		{C284E7C3-79EC-4334-8802-0FC05429B23D}.Release|x86.ActiveCfg = Release|Any CPU
		{C284E7C3-79EC-4334-8802-0FC05429B23D}.Release|x86.Build.0 = Release|Any CPU
		{41431650-30F2-488D-96D7-80D5E5191F0C}.Debug|Any CPU.ActiveCfg = Debug|Any CPU
		{41431650-30F2-488D-96D7-80D5E5191F0C}.Debug|Any CPU.Build.0 = Debug|Any CPU
		{41431650-30F2-488D-96D7-80D5E5191F0C}.Debug|x64.ActiveCfg = Debug|Any CPU
		{41431650-30F2-488D-96D7-80D5E5191F0C}.Debug|x64.Build.0 = Debug|Any CPU
		{41431650-30F2-488D-96D7-80D5E5191F0C}.Debug|x86.ActiveCfg = Debug|Any CPU
		{41431650-30F2-488D-96D7-80D5E5191F0C}.Debug|x86.Build.0 = Debug|Any CPU
		{41431650-30F2-488D-96D7-80D5E5191F0C}.Release|Any CPU.ActiveCfg = Release|Any CPU
		{41431650-30F2-488D-96D7-80D5E5191F0C}.Release|Any CPU.Build.0 = Release|Any CPU
		{41431650-30F2-488D-96D7-80D5E5191F0C}.Release|x64.ActiveCfg = Release|Any CPU
		{41431650-30F2-488D-96D7-80D5E5191F0C}.Release|x64.Build.0 = Release|Any CPU
		{41431650-30F2-488D-96D7-80D5E5191F0C}.Release|x86.ActiveCfg = Release|Any CPU
		{41431650-30F2-488D-96D7-80D5E5191F0C}.Release|x86.Build.0 = Release|Any CPU
		{0A9CD4A7-99A9-4F72-8A4F-A230BB207754}.Debug|Any CPU.ActiveCfg = Debug|Any CPU
		{0A9CD4A7-99A9-4F72-8A4F-A230BB207754}.Debug|Any CPU.Build.0 = Debug|Any CPU
		{0A9CD4A7-99A9-4F72-8A4F-A230BB207754}.Debug|x64.ActiveCfg = Debug|Any CPU
		{0A9CD4A7-99A9-4F72-8A4F-A230BB207754}.Debug|x64.Build.0 = Debug|Any CPU
		{0A9CD4A7-99A9-4F72-8A4F-A230BB207754}.Debug|x86.ActiveCfg = Debug|Any CPU
		{0A9CD4A7-99A9-4F72-8A4F-A230BB207754}.Debug|x86.Build.0 = Debug|Any CPU
		{0A9CD4A7-99A9-4F72-8A4F-A230BB207754}.Release|Any CPU.ActiveCfg = Release|Any CPU
		{0A9CD4A7-99A9-4F72-8A4F-A230BB207754}.Release|Any CPU.Build.0 = Release|Any CPU
		{0A9CD4A7-99A9-4F72-8A4F-A230BB207754}.Release|x64.ActiveCfg = Release|Any CPU
		{0A9CD4A7-99A9-4F72-8A4F-A230BB207754}.Release|x64.Build.0 = Release|Any CPU
		{0A9CD4A7-99A9-4F72-8A4F-A230BB207754}.Release|x86.ActiveCfg = Release|Any CPU
		{0A9CD4A7-99A9-4F72-8A4F-A230BB207754}.Release|x86.Build.0 = Release|Any CPU
		{EDCFE396-5092-4342-9FBA-AEB8CB716690}.Debug|Any CPU.ActiveCfg = Debug|Any CPU
		{EDCFE396-5092-4342-9FBA-AEB8CB716690}.Debug|Any CPU.Build.0 = Debug|Any CPU
		{EDCFE396-5092-4342-9FBA-AEB8CB716690}.Debug|x64.ActiveCfg = Debug|Any CPU
		{EDCFE396-5092-4342-9FBA-AEB8CB716690}.Debug|x64.Build.0 = Debug|Any CPU
		{EDCFE396-5092-4342-9FBA-AEB8CB716690}.Debug|x86.ActiveCfg = Debug|Any CPU
		{EDCFE396-5092-4342-9FBA-AEB8CB716690}.Debug|x86.Build.0 = Debug|Any CPU
		{EDCFE396-5092-4342-9FBA-AEB8CB716690}.Release|Any CPU.ActiveCfg = Release|Any CPU
		{EDCFE396-5092-4342-9FBA-AEB8CB716690}.Release|Any CPU.Build.0 = Release|Any CPU
		{EDCFE396-5092-4342-9FBA-AEB8CB716690}.Release|x64.ActiveCfg = Release|Any CPU
		{EDCFE396-5092-4342-9FBA-AEB8CB716690}.Release|x64.Build.0 = Release|Any CPU
		{EDCFE396-5092-4342-9FBA-AEB8CB716690}.Release|x86.ActiveCfg = Release|Any CPU
		{EDCFE396-5092-4342-9FBA-AEB8CB716690}.Release|x86.Build.0 = Release|Any CPU
		{70607176-E4AA-4D64-974F-5BA343682A6D}.Debug|Any CPU.ActiveCfg = Debug|Any CPU
		{70607176-E4AA-4D64-974F-5BA343682A6D}.Debug|Any CPU.Build.0 = Debug|Any CPU
		{70607176-E4AA-4D64-974F-5BA343682A6D}.Debug|x64.ActiveCfg = Debug|Any CPU
		{70607176-E4AA-4D64-974F-5BA343682A6D}.Debug|x64.Build.0 = Debug|Any CPU
		{70607176-E4AA-4D64-974F-5BA343682A6D}.Debug|x86.ActiveCfg = Debug|Any CPU
		{70607176-E4AA-4D64-974F-5BA343682A6D}.Debug|x86.Build.0 = Debug|Any CPU
		{70607176-E4AA-4D64-974F-5BA343682A6D}.Release|Any CPU.ActiveCfg = Release|Any CPU
		{70607176-E4AA-4D64-974F-5BA343682A6D}.Release|Any CPU.Build.0 = Release|Any CPU
		{70607176-E4AA-4D64-974F-5BA343682A6D}.Release|x64.ActiveCfg = Release|Any CPU
		{70607176-E4AA-4D64-974F-5BA343682A6D}.Release|x64.Build.0 = Release|Any CPU
		{70607176-E4AA-4D64-974F-5BA343682A6D}.Release|x86.ActiveCfg = Release|Any CPU
		{70607176-E4AA-4D64-974F-5BA343682A6D}.Release|x86.Build.0 = Release|Any CPU
		{1E251152-F86B-42C8-B330-A0633E178FE8}.Debug|Any CPU.ActiveCfg = Debug|Any CPU
		{1E251152-F86B-42C8-B330-A0633E178FE8}.Debug|Any CPU.Build.0 = Debug|Any CPU
		{1E251152-F86B-42C8-B330-A0633E178FE8}.Debug|x64.ActiveCfg = Debug|Any CPU
		{1E251152-F86B-42C8-B330-A0633E178FE8}.Debug|x64.Build.0 = Debug|Any CPU
		{1E251152-F86B-42C8-B330-A0633E178FE8}.Debug|x86.ActiveCfg = Debug|Any CPU
		{1E251152-F86B-42C8-B330-A0633E178FE8}.Debug|x86.Build.0 = Debug|Any CPU
		{1E251152-F86B-42C8-B330-A0633E178FE8}.Release|Any CPU.ActiveCfg = Release|Any CPU
		{1E251152-F86B-42C8-B330-A0633E178FE8}.Release|Any CPU.Build.0 = Release|Any CPU
		{1E251152-F86B-42C8-B330-A0633E178FE8}.Release|x64.ActiveCfg = Release|Any CPU
		{1E251152-F86B-42C8-B330-A0633E178FE8}.Release|x64.Build.0 = Release|Any CPU
		{1E251152-F86B-42C8-B330-A0633E178FE8}.Release|x86.ActiveCfg = Release|Any CPU
		{1E251152-F86B-42C8-B330-A0633E178FE8}.Release|x86.Build.0 = Release|Any CPU
		{571C3752-8753-445E-A994-0FCDB8292F4C}.Debug|Any CPU.ActiveCfg = Debug|Any CPU
		{571C3752-8753-445E-A994-0FCDB8292F4C}.Debug|Any CPU.Build.0 = Debug|Any CPU
		{571C3752-8753-445E-A994-0FCDB8292F4C}.Debug|x64.ActiveCfg = Debug|Any CPU
		{571C3752-8753-445E-A994-0FCDB8292F4C}.Debug|x64.Build.0 = Debug|Any CPU
		{571C3752-8753-445E-A994-0FCDB8292F4C}.Debug|x86.ActiveCfg = Debug|Any CPU
		{571C3752-8753-445E-A994-0FCDB8292F4C}.Debug|x86.Build.0 = Debug|Any CPU
		{571C3752-8753-445E-A994-0FCDB8292F4C}.Release|Any CPU.ActiveCfg = Release|Any CPU
		{571C3752-8753-445E-A994-0FCDB8292F4C}.Release|Any CPU.Build.0 = Release|Any CPU
		{571C3752-8753-445E-A994-0FCDB8292F4C}.Release|x64.ActiveCfg = Release|Any CPU
		{571C3752-8753-445E-A994-0FCDB8292F4C}.Release|x64.Build.0 = Release|Any CPU
		{571C3752-8753-445E-A994-0FCDB8292F4C}.Release|x86.ActiveCfg = Release|Any CPU
		{571C3752-8753-445E-A994-0FCDB8292F4C}.Release|x86.Build.0 = Release|Any CPU
		{57F81E52-754C-46A4-8307-A68F7513533D}.Debug|Any CPU.ActiveCfg = Debug|Any CPU
		{57F81E52-754C-46A4-8307-A68F7513533D}.Debug|Any CPU.Build.0 = Debug|Any CPU
		{57F81E52-754C-46A4-8307-A68F7513533D}.Debug|x64.ActiveCfg = Debug|Any CPU
		{57F81E52-754C-46A4-8307-A68F7513533D}.Debug|x64.Build.0 = Debug|Any CPU
		{57F81E52-754C-46A4-8307-A68F7513533D}.Debug|x86.ActiveCfg = Debug|Any CPU
		{57F81E52-754C-46A4-8307-A68F7513533D}.Debug|x86.Build.0 = Debug|Any CPU
		{57F81E52-754C-46A4-8307-A68F7513533D}.Release|Any CPU.ActiveCfg = Release|Any CPU
		{57F81E52-754C-46A4-8307-A68F7513533D}.Release|Any CPU.Build.0 = Release|Any CPU
		{57F81E52-754C-46A4-8307-A68F7513533D}.Release|x64.ActiveCfg = Release|Any CPU
		{57F81E52-754C-46A4-8307-A68F7513533D}.Release|x64.Build.0 = Release|Any CPU
		{57F81E52-754C-46A4-8307-A68F7513533D}.Release|x86.ActiveCfg = Release|Any CPU
		{57F81E52-754C-46A4-8307-A68F7513533D}.Release|x86.Build.0 = Release|Any CPU
		{58D18ED6-BA03-4F03-8DEB-0FB01F0E374A}.Debug|Any CPU.ActiveCfg = Debug|Any CPU
		{58D18ED6-BA03-4F03-8DEB-0FB01F0E374A}.Debug|Any CPU.Build.0 = Debug|Any CPU
		{58D18ED6-BA03-4F03-8DEB-0FB01F0E374A}.Debug|x64.ActiveCfg = Debug|Any CPU
		{58D18ED6-BA03-4F03-8DEB-0FB01F0E374A}.Debug|x64.Build.0 = Debug|Any CPU
		{58D18ED6-BA03-4F03-8DEB-0FB01F0E374A}.Debug|x86.ActiveCfg = Debug|Any CPU
		{58D18ED6-BA03-4F03-8DEB-0FB01F0E374A}.Debug|x86.Build.0 = Debug|Any CPU
		{58D18ED6-BA03-4F03-8DEB-0FB01F0E374A}.Release|Any CPU.ActiveCfg = Release|Any CPU
		{58D18ED6-BA03-4F03-8DEB-0FB01F0E374A}.Release|Any CPU.Build.0 = Release|Any CPU
		{58D18ED6-BA03-4F03-8DEB-0FB01F0E374A}.Release|x64.ActiveCfg = Release|Any CPU
		{58D18ED6-BA03-4F03-8DEB-0FB01F0E374A}.Release|x64.Build.0 = Release|Any CPU
		{58D18ED6-BA03-4F03-8DEB-0FB01F0E374A}.Release|x86.ActiveCfg = Release|Any CPU
		{58D18ED6-BA03-4F03-8DEB-0FB01F0E374A}.Release|x86.Build.0 = Release|Any CPU
		{1278BC30-3A45-4FCC-8608-D706B9A930CE}.Debug|Any CPU.ActiveCfg = Debug|Any CPU
		{1278BC30-3A45-4FCC-8608-D706B9A930CE}.Debug|Any CPU.Build.0 = Debug|Any CPU
		{1278BC30-3A45-4FCC-8608-D706B9A930CE}.Debug|x64.ActiveCfg = Debug|Any CPU
		{1278BC30-3A45-4FCC-8608-D706B9A930CE}.Debug|x64.Build.0 = Debug|Any CPU
		{1278BC30-3A45-4FCC-8608-D706B9A930CE}.Debug|x86.ActiveCfg = Debug|Any CPU
		{1278BC30-3A45-4FCC-8608-D706B9A930CE}.Debug|x86.Build.0 = Debug|Any CPU
		{1278BC30-3A45-4FCC-8608-D706B9A930CE}.Release|Any CPU.ActiveCfg = Release|Any CPU
		{1278BC30-3A45-4FCC-8608-D706B9A930CE}.Release|Any CPU.Build.0 = Release|Any CPU
		{1278BC30-3A45-4FCC-8608-D706B9A930CE}.Release|x64.ActiveCfg = Release|Any CPU
		{1278BC30-3A45-4FCC-8608-D706B9A930CE}.Release|x64.Build.0 = Release|Any CPU
		{1278BC30-3A45-4FCC-8608-D706B9A930CE}.Release|x86.ActiveCfg = Release|Any CPU
		{1278BC30-3A45-4FCC-8608-D706B9A930CE}.Release|x86.Build.0 = Release|Any CPU
		{C3FEC267-8CEF-422D-9677-1793FCFE83CB}.Debug|Any CPU.ActiveCfg = Debug|Any CPU
		{C3FEC267-8CEF-422D-9677-1793FCFE83CB}.Debug|Any CPU.Build.0 = Debug|Any CPU
		{C3FEC267-8CEF-422D-9677-1793FCFE83CB}.Debug|x64.ActiveCfg = Debug|Any CPU
		{C3FEC267-8CEF-422D-9677-1793FCFE83CB}.Debug|x64.Build.0 = Debug|Any CPU
		{C3FEC267-8CEF-422D-9677-1793FCFE83CB}.Debug|x86.ActiveCfg = Debug|Any CPU
		{C3FEC267-8CEF-422D-9677-1793FCFE83CB}.Debug|x86.Build.0 = Debug|Any CPU
		{C3FEC267-8CEF-422D-9677-1793FCFE83CB}.Release|Any CPU.ActiveCfg = Release|Any CPU
		{C3FEC267-8CEF-422D-9677-1793FCFE83CB}.Release|Any CPU.Build.0 = Release|Any CPU
		{C3FEC267-8CEF-422D-9677-1793FCFE83CB}.Release|x64.ActiveCfg = Release|Any CPU
		{C3FEC267-8CEF-422D-9677-1793FCFE83CB}.Release|x64.Build.0 = Release|Any CPU
		{C3FEC267-8CEF-422D-9677-1793FCFE83CB}.Release|x86.ActiveCfg = Release|Any CPU
		{C3FEC267-8CEF-422D-9677-1793FCFE83CB}.Release|x86.Build.0 = Release|Any CPU
		{CA8A8BE0-11AA-42CB-8DA1-F2C9AA9741E0}.Debug|Any CPU.ActiveCfg = Debug|Any CPU
		{CA8A8BE0-11AA-42CB-8DA1-F2C9AA9741E0}.Debug|Any CPU.Build.0 = Debug|Any CPU
		{CA8A8BE0-11AA-42CB-8DA1-F2C9AA9741E0}.Debug|x64.ActiveCfg = Debug|Any CPU
		{CA8A8BE0-11AA-42CB-8DA1-F2C9AA9741E0}.Debug|x64.Build.0 = Debug|Any CPU
		{CA8A8BE0-11AA-42CB-8DA1-F2C9AA9741E0}.Debug|x86.ActiveCfg = Debug|Any CPU
		{CA8A8BE0-11AA-42CB-8DA1-F2C9AA9741E0}.Debug|x86.Build.0 = Debug|Any CPU
		{CA8A8BE0-11AA-42CB-8DA1-F2C9AA9741E0}.Release|Any CPU.ActiveCfg = Release|Any CPU
		{CA8A8BE0-11AA-42CB-8DA1-F2C9AA9741E0}.Release|Any CPU.Build.0 = Release|Any CPU
		{CA8A8BE0-11AA-42CB-8DA1-F2C9AA9741E0}.Release|x64.ActiveCfg = Release|Any CPU
		{CA8A8BE0-11AA-42CB-8DA1-F2C9AA9741E0}.Release|x64.Build.0 = Release|Any CPU
		{CA8A8BE0-11AA-42CB-8DA1-F2C9AA9741E0}.Release|x86.ActiveCfg = Release|Any CPU
		{CA8A8BE0-11AA-42CB-8DA1-F2C9AA9741E0}.Release|x86.Build.0 = Release|Any CPU
		{6B3F53EF-DA56-4BD0-A70A-0823705EFC53}.Debug|Any CPU.ActiveCfg = Debug|Any CPU
		{6B3F53EF-DA56-4BD0-A70A-0823705EFC53}.Debug|Any CPU.Build.0 = Debug|Any CPU
		{6B3F53EF-DA56-4BD0-A70A-0823705EFC53}.Debug|x64.ActiveCfg = Debug|Any CPU
		{6B3F53EF-DA56-4BD0-A70A-0823705EFC53}.Debug|x64.Build.0 = Debug|Any CPU
		{6B3F53EF-DA56-4BD0-A70A-0823705EFC53}.Debug|x86.ActiveCfg = Debug|Any CPU
		{6B3F53EF-DA56-4BD0-A70A-0823705EFC53}.Debug|x86.Build.0 = Debug|Any CPU
		{6B3F53EF-DA56-4BD0-A70A-0823705EFC53}.Release|Any CPU.ActiveCfg = Release|Any CPU
		{6B3F53EF-DA56-4BD0-A70A-0823705EFC53}.Release|Any CPU.Build.0 = Release|Any CPU
		{6B3F53EF-DA56-4BD0-A70A-0823705EFC53}.Release|x64.ActiveCfg = Release|Any CPU
		{6B3F53EF-DA56-4BD0-A70A-0823705EFC53}.Release|x64.Build.0 = Release|Any CPU
		{6B3F53EF-DA56-4BD0-A70A-0823705EFC53}.Release|x86.ActiveCfg = Release|Any CPU
		{6B3F53EF-DA56-4BD0-A70A-0823705EFC53}.Release|x86.Build.0 = Release|Any CPU
	EndGlobalSection
	GlobalSection(SolutionProperties) = preSolution
		HideSolutionNode = FALSE
	EndGlobalSection
	GlobalSection(NestedProjects) = preSolution
		{8D626EA8-CB54-BC41-363A-217881BEBA6E} = {827E0CD3-B72D-47B6-A68D-7590B98EB39B}
		{C284E7C3-79EC-4334-8802-0FC05429B23D} = {8D626EA8-CB54-BC41-363A-217881BEBA6E}
		{41431650-30F2-488D-96D7-80D5E5191F0C} = {8D626EA8-CB54-BC41-363A-217881BEBA6E}
		{9048EB7F-3875-A59E-E36B-5BD4C6F2A282} = {827E0CD3-B72D-47B6-A68D-7590B98EB39B}
		{0A9CD4A7-99A9-4F72-8A4F-A230BB207754} = {9048EB7F-3875-A59E-E36B-5BD4C6F2A282}
		{EC0AE37B-42FE-3786-533F-760669F80219} = {827E0CD3-B72D-47B6-A68D-7590B98EB39B}
		{EDCFE396-5092-4342-9FBA-AEB8CB716690} = {EC0AE37B-42FE-3786-533F-760669F80219}
		{70607176-E4AA-4D64-974F-5BA343682A6D} = {EC0AE37B-42FE-3786-533F-760669F80219}
		{1E251152-F86B-42C8-B330-A0633E178FE8} = {EC0AE37B-42FE-3786-533F-760669F80219}
		{571C3752-8753-445E-A994-0FCDB8292F4C} = {EC0AE37B-42FE-3786-533F-760669F80219}
		{57F81E52-754C-46A4-8307-A68F7513533D} = {9F4D37C0-26C1-4904-A964-B64CA4285C05}
		{58D18ED6-BA03-4F03-8DEB-0FB01F0E374A} = {9F4D37C0-26C1-4904-A964-B64CA4285C05}
		{1278BC30-3A45-4FCC-8608-D706B9A930CE} = {9F4D37C0-26C1-4904-A964-B64CA4285C05}
		{C3FEC267-8CEF-422D-9677-1793FCFE83CB} = {9F4D37C0-26C1-4904-A964-B64CA4285C05}
		{CA8A8BE0-11AA-42CB-8DA1-F2C9AA9741E0} = {9048EB7F-3875-A59E-E36B-5BD4C6F2A282}
		{6B3F53EF-DA56-4BD0-A70A-0823705EFC53} = {9048EB7F-3875-A59E-E36B-5BD4C6F2A282}
	EndGlobalSection
EndGlobal
